certifi==2026.7.22 --hash=sha256:62f22742b58a1a33014a2b6b706588a8d7e2a88ae7bd1a6ebe8c992928483775
charset-normalizer==3.5.1 --hash=sha256:94d78ecec2605a8d0398b0f365d5f12a63248438516f5dac536a5eff7337df4a
idna==3.19 --hash=sha256:815e7be7a7806d54abb586dc943addc79e8b2ee16915059658cbeff4b1b43bf4
Jinja2==3.1.6 --hash=sha256:85ece4451f492d0c13c5dd7c13a64681a86afae63a5f347908daf103ce6d2f67
MarkupSafe==3.0.3 --hash=sha256:133a43e73a802c5562be9bbcd03d090aa5a1fe899db609c29e8c8d815c5f6de6
psutil==7.2.2 --hash=sha256:b0726cecd84f9474419d67252add4ac0cd9811b04d61123054b9fb6f57df6e9e
pycairo==1.29.1 --hash=sha256:8766d812146248b9f34b549a148b309af763447659410ce01924b09e780cace0
python-mpv==1.0.8 --hash=sha256:b5296403e990fb7348df4ca2211937a030f524bf638657bda7e45a00bc2df0cd
requests==2.34.2 --hash=sha256:2a0d60c172f83ac6ab31e4554906c0f3b3588d37b5cb939b1c061f4907e278e0
sdbus==0.14.3 --hash=sha256:4bb2f88f63ba16be9660450f054657391474f37cc3c4085daf421d68601f4bd9
sdbus-networkmanager==2.0.0 --hash=sha256:710a5ccfb1c3267016c990023ca76ad6210b13ab63aa5dad3a20e590b291b08f
urllib3==2.7.0 --hash=sha256:9fb4c81ebbb1ce9531cce37674bbc6f1360472bc18ca9a553ede278ef7276897
websocket-client==1.9.2 --hash=sha256:e1a673830a9c7bfa47b1cd3d5e4178f4c9651d80a4eab02c9c23a1c3ec6250ce
