aiofiles==25.1.0 --hash=sha256:abe311e527c862958650f9438e859c1fa7568a141b22abcd015e120e86a85695
apprise==1.13.0 --hash=sha256:cc8f4e2b138a46ff0397f649d73622ab268ddb94a0954399ff318a29a30146c8
certifi==2026.7.22 --hash=sha256:62f22742b58a1a33014a2b6b706588a8d7e2a88ae7bd1a6ebe8c992928483775
charset-normalizer==3.5.1 --hash=sha256:94d78ecec2605a8d0398b0f365d5f12a63248438516f5dac536a5eff7337df4a
click==8.4.2 --hash=sha256:e6f9f66136c816745b9d65817da91d61d957fb16e02e4dcd0552553c5a197b76
dbus-fast==5.0.22 --hash=sha256:de10ff3b3cb2acb1c09fe17158a470519000d37bb5ee5fd69c4075e81ce8dcf5
distro==1.9.0 --hash=sha256:7bffd925d65168f85027d8da9af6bddab658135b840670a223589bc0c8ef02b2
idna==3.19 --hash=sha256:815e7be7a7806d54abb586dc943addc79e8b2ee16915059658cbeff4b1b43bf4
ifaddr==0.2.0 --hash=sha256:085e0305cfe6f16ab12d72e2024030f5d52674afad6911bb1eee207177b8a748
importlib_metadata==9.0.0 --hash=sha256:2d21d1cc5a017bd0559e36150c21c830ab1dc304dedd1b7ea85d20f45ef3edd7
inotify-simple==2.0.1 --hash=sha256:e5da495f2064889f8e68b67f9358b0d102e03b783c2d42e5b8e132ab859a5d8a
Jinja2==3.1.6 --hash=sha256:85ece4451f492d0c13c5dd7c13a64681a86afae63a5f347908daf103ce6d2f67
ldap3==2.9.1 --hash=sha256:5869596fc4948797020d3f03b7939da938778a0f9e2009f7a072ccf92b8e8d70
libnacl==2.1.0 --hash=sha256:a8546b221afe8b72b6a9f298cd92a4c1f90570d7b5baa295acb1913644e230a5
Markdown==3.10.3 --hash=sha256:fa6c92a00a4a3c98b22728c64a935ae1928250ae65058a6ded814d2cc29a4cea
MarkupSafe==3.0.3 --hash=sha256:133a43e73a802c5562be9bbcd03d090aa5a1fe899db609c29e8c8d815c5f6de6
oauthlib==3.3.1 --hash=sha256:88119c938d2b8fb88561af5f6ee0eec8cc8d552b7bb1f712743136eb7523b7a1
paho-mqtt==2.1.0 --hash=sha256:6db9ba9b34ed5bc6b6e3812718c7e06e2fd7444540df2455d2c51bd58808feee
pillow==12.3.0 --hash=sha256:f7401aebd7f581d7f83a439d87d474999317ee099218e5ad25d125290990ba65
preprocess_cancellation==0.2.1 --hash=sha256:1b7e7f63057d09d3f85bd545c28700afdadc350be3380a1f7e5ff9f4cefea129
pyasn1==0.6.4 --hash=sha256:deda9277cfd454080ec40b207fb6df82206a3a2688735233cdcd8d3d565f088b
pyserial==3.4 --hash=sha256:e0770fadba80c31013896c7e6ef703f72e7834965954a78e71a3049488d4d7d8
python-periphery==2.4.1 --hash=sha256:8ab14002e7520966fae7a3b9c56d98ddaf4c1b78c5f5b2c7153cedc3846fd56a
PyYAML==6.0.3 --hash=sha256:ee2922902c45ae8ccada2c5b501ab86c36525b883eff4255313a253a3160861c
requests==2.34.2 --hash=sha256:2a0d60c172f83ac6ab31e4554906c0f3b3588d37b5cb939b1c061f4907e278e0
requests-oauthlib==2.0.0 --hash=sha256:7dd8a5c40426b779b0868c404bdef9768deccf22749cde15852df527e6269b36
smart_open==8.0.1 --hash=sha256:3e97f90e92a952cb57863dfe132082c400a52eeeb27c067692fb51dbcc5b0089
streaming-form-data==2.1.0 --hash=sha256:b84023a8e49a3fcfe3f734702e61acd19fba88b261e3d4698a068b751148f66a
tornado==6.5.8 --hash=sha256:7e2360a0ffbe145eca8af0b19cb7203d79b1a98dd4cccdd6b368f6f49c2e3808
urllib3==2.7.0 --hash=sha256:9fb4c81ebbb1ce9531cce37674bbc6f1360472bc18ca9a553ede278ef7276897
wrapt==2.3.0 --hash=sha256:54ca1d5573f69b5fe1d74f1f65799c68015e82f685efec9fd8cfa40a094c44d0
zeroconf==0.150.0 --hash=sha256:8f9ba6980ad92820f56a02a5035e21338c116145db44749462fc46f8f50028bb
zipp==4.1.0 --hash=sha256:25ad4e16390cd314347dd8f1de67a2ac538ae658ed4ab9db16029c07c188e97f
