# Runtime wheels tested on Debian 13 arm64 / Python 3.13; install from preserved wheelhouse.
Jinja2==2.11.3 --hash=sha256:03e47ad063331dd6a3f04a43eddca8a966a26ba0c5b7207a9a9e4e08f1b29419
aenum==3.1.17 --hash=sha256:8b883a37a04e74cc838ac442bdd28c266eae5bbf13e1342c7ef123ed25230139
cffi==2.1.1 --hash=sha256:f16c709686a78c727bbbf059f92b0bf41c6fc60deec706d2dc19f529175a6125
greenlet==3.3.2 --hash=sha256:ab0c7e7901a00bc0a7284907273dc165b32e0d109a6713babd04471327ff7986
MarkupSafe==1.1.1 --hash=sha256:6d1244ddb75f94a2197b5a11df94b484ccf7e3a14b28fe43bf334df525a2f627
msgspec==0.19.0 --hash=sha256:19746b50be214a54239aab822964f2ac81e38b0055cca94808359d779338c10e
pycparser==3.0 --hash=sha256:b727414169a36b7d524c1c3e31839a521725078d7b2ff038656844266160a992
pyserial==3.4 --hash=sha256:e0770fadba80c31013896c7e6ef703f72e7834965954a78e71a3049488d4d7d8
python-can==3.3.4 --hash=sha256:6c45fa405836b0017ed7c7c6b13e6234962441a22c444be962930753c51b758f
setuptools==78.1.1 --hash=sha256:c3a9c4211ff4c309edb8b8c4f1cbfa7ae324c4ba9f91ff254e3d305b9fd54561
wrapt==1.17.3 --hash=sha256:0ed61b7c2d49cee3c027372df5809a59d60cf1b6c2f81ee980a091f3afed6a2d
